
Microsoft Visual Studio Solution File, Format Version 12.00
# Visual Studio Version 17
VisualStudioVersion = 17.3.32929.385
MinimumVisualStudioVersion = 10.0.40219.1
Project("{FAE04EC0-301F-11D3-BF4B-00C04F79EFBC}") = "Cafe", "Cafe.csproj", "{C42589A1-F991-4E78-9450-238CFB3D7CCA}"
EndProject
Global
	GlobalSection(SolutionConfigurationPlatforms) = preSolution
		Debug|Any CPU = Debug|Any CPU
		Release|Any CPU = Release|Any CPU
	EndGlobalSection
	GlobalSection(ProjectConfigurationPlatforms) = postSolution
		{C42589A1-F991-4E78-9450-238CFB3D7CCA}.Debug|Any CPU.ActiveCfg = Debug|Any CPU
		{C42589A1-F991-4E78-9450-238CFB3D7CCA}.Debug|Any CPU.Build.0 = Debug|Any CPU
		{C42589A1-F991-4E78-9450-238CFB3D7CCA}.Release|Any CPU.ActiveCfg = Release|Any CPU
		{C42589A1-F991-4E78-9450-238CFB3D7CCA}.Release|Any CPU.Build.0 = Release|Any CPU
	EndGlobalSection
	GlobalSection(SolutionProperties) = preSolution
		HideSolutionNode = FALSE
	EndGlobalSection
	GlobalSection(ExtensibilityGlobals) = postSolution
		SolutionGuid = {08F6CA5A-3B90-454D-A441-8EFF475EE6A7}
	EndGlobalSection
EndGlobal
